
Microsoft Visual Studio Solution File, Format Version 12.00
# Visual Studio Version 16
VisualStudioVersion = 16.0.33801.447
MinimumVisualStudioVersion = 10.0.40219.1
Project("{8BC9CEB8-8B4A-11D0-8D11-00A0C91BC942}") = "BuilderModern", "BuilderPattern\CreaterModern.vcxproj", "{731BA0F9-AA02-4E36-94EB-491EB7667FED}"
EndProject
Global
	GlobalSection(SolutionConfigurationPlatforms) = preSolution
		Debug|x64 = Debug|x64
		Debug|x86 = Debug|x86
		Release|x64 = Release|x64
		Release|x86 = Release|x86
	EndGlobalSection
	GlobalSection(ProjectConfigurationPlatforms) = postSolution
		{731BA0F9-AA02-4E36-94EB-491EB7667FED}.Debug|x64.ActiveCfg = Debug|x64
		{731BA0F9-AA02-4E36-94EB-491EB7667FED}.Debug|x64.Build.0 = Debug|x64
		{731BA0F9-AA02-4E36-94EB-491EB7667FED}.Debug|x86.ActiveCfg = Debug|Win32
		{731BA0F9-AA02-4E36-94EB-491EB7667FED}.Debug|x86.Build.0 = Debug|Win32
		{731BA0F9-AA02-4E36-94EB-491EB7667FED}.Release|x64.ActiveCfg = Release|x64
		{731BA0F9-AA02-4E36-94EB-491EB7667FED}.Release|x64.Build.0 = Release|x64
		{731BA0F9-AA02-4E36-94EB-491EB7667FED}.Release|x86.ActiveCfg = Release|Win32
		{731BA0F9-AA02-4E36-94EB-491EB7667FED}.Release|x86.Build.0 = Release|Win32
	EndGlobalSection
	GlobalSection(SolutionProperties) = preSolution
		HideSolutionNode = FALSE
	EndGlobalSection
	GlobalSection(ExtensibilityGlobals) = postSolution
		SolutionGuid = {4B6065F7-ED6D-4FA9-846B-9679D8CBF99A}
	EndGlobalSection
EndGlobal
